{
  "requires": true,
  "lockfileVersion": 1,
  "dependencies": {
    "quick-perlin-noise-js": {
      "version": "1.0.3",
      "resolved": "https://registry.npmjs.org/quick-perlin-noise-js/-/quick-perlin-noise-js-1.0.3.tgz",
      "integrity": "sha512-y0UR4DIIiTcLBcPM/oSNl5u2PDMKynapWXDAUHUWbE7tlmG4kXmo4xrzAHxGSq7sfwNfmjSAOh3yn6ZgMyygVw=="
    }
  }
}
